
Microsoft Visual Studio Solution File, Format Version 12.00
# Visual Studio Version 16
VisualStudioVersion = 16.0.29519.181
MinimumVisualStudioVersion = 10.0.40219.1
Project("{6EC3EE1D-3C4E-46DD-8F32-0CC8E7565705}") = "task01", "task01\task01.fsproj", "{29EBBA19-FA17-4B86-9F04-5AC4749CAE93}"
EndProject
Project("{F2A71F9B-5D33-465A-A702-920D77279786}") = "task02", "task02\task02.fsproj", "{B9E07139-32F0-4A7A-B1AC-5B880DDD1017}"
EndProject
Project("{F2A71F9B-5D33-465A-A702-920D77279786}") = "task03", "task03\task03.fsproj", "{0F14DDEF-1D6F-4AFC-9936-0401B174A66E}"
EndProject
Project("{F2A71F9B-5D33-465A-A702-920D77279786}") = "task04", "task04\task04.fsproj", "{367C962C-3486-4AB1-8CDD-36D90E5E6FD0}"
EndProject
Project("{F2A71F9B-5D33-465A-A702-920D77279786}") = "task05", "task05\task05.fsproj", "{ADF53F3A-FED2-4473-B685-CB538E0B8CDE}"
EndProject
Project("{F2A71F9B-5D33-465A-A702-920D77279786}") = "task06", "task06\task06.fsproj", "{1582E52A-37FD-4297-8717-24EFAE1F3545}"
EndProject
Global
	GlobalSection(SolutionConfigurationPlatforms) = preSolution
		Debug|Any CPU = Debug|Any CPU
		Release|Any CPU = Release|Any CPU
	EndGlobalSection
	GlobalSection(ProjectConfigurationPlatforms) = postSolution
		{29EBBA19-FA17-4B86-9F04-5AC4749CAE93}.Debug|Any CPU.ActiveCfg = Debug|Any CPU
		{29EBBA19-FA17-4B86-9F04-5AC4749CAE93}.Debug|Any CPU.Build.0 = Debug|Any CPU
		{29EBBA19-FA17-4B86-9F04-5AC4749CAE93}.Release|Any CPU.ActiveCfg = Release|Any CPU
		{29EBBA19-FA17-4B86-9F04-5AC4749CAE93}.Release|Any CPU.Build.0 = Release|Any CPU
		{B9E07139-32F0-4A7A-B1AC-5B880DDD1017}.Debug|Any CPU.ActiveCfg = Debug|Any CPU
		{B9E07139-32F0-4A7A-B1AC-5B880DDD1017}.Debug|Any CPU.Build.0 = Debug|Any CPU
		{B9E07139-32F0-4A7A-B1AC-5B880DDD1017}.Release|Any CPU.ActiveCfg = Release|Any CPU
		{B9E07139-32F0-4A7A-B1AC-5B880DDD1017}.Release|Any CPU.Build.0 = Release|Any CPU
		{0F14DDEF-1D6F-4AFC-9936-0401B174A66E}.Debug|Any CPU.ActiveCfg = Debug|Any CPU
		{0F14DDEF-1D6F-4AFC-9936-0401B174A66E}.Debug|Any CPU.Build.0 = Debug|Any CPU
		{0F14DDEF-1D6F-4AFC-9936-0401B174A66E}.Release|Any CPU.ActiveCfg = Release|Any CPU
		{0F14DDEF-1D6F-4AFC-9936-0401B174A66E}.Release|Any CPU.Build.0 = Release|Any CPU
		{367C962C-3486-4AB1-8CDD-36D90E5E6FD0}.Debug|Any CPU.ActiveCfg = Debug|Any CPU
		{367C962C-3486-4AB1-8CDD-36D90E5E6FD0}.Debug|Any CPU.Build.0 = Debug|Any CPU
		{367C962C-3486-4AB1-8CDD-36D90E5E6FD0}.Release|Any CPU.ActiveCfg = Release|Any CPU
		{367C962C-3486-4AB1-8CDD-36D90E5E6FD0}.Release|Any CPU.Build.0 = Release|Any CPU
		{ADF53F3A-FED2-4473-B685-CB538E0B8CDE}.Debug|Any CPU.ActiveCfg = Debug|Any CPU
		{ADF53F3A-FED2-4473-B685-CB538E0B8CDE}.Debug|Any CPU.Build.0 = Debug|Any CPU
		{ADF53F3A-FED2-4473-B685-CB538E0B8CDE}.Release|Any CPU.ActiveCfg = Release|Any CPU
		{ADF53F3A-FED2-4473-B685-CB538E0B8CDE}.Release|Any CPU.Build.0 = Release|Any CPU
		{1582E52A-37FD-4297-8717-24EFAE1F3545}.Debug|Any CPU.ActiveCfg = Debug|Any CPU
		{1582E52A-37FD-4297-8717-24EFAE1F3545}.Debug|Any CPU.Build.0 = Debug|Any CPU
		{1582E52A-37FD-4297-8717-24EFAE1F3545}.Release|Any CPU.ActiveCfg = Release|Any CPU
		{1582E52A-37FD-4297-8717-24EFAE1F3545}.Release|Any CPU.Build.0 = Release|Any CPU
	EndGlobalSection
	GlobalSection(SolutionProperties) = preSolution
		HideSolutionNode = FALSE
	EndGlobalSection
	GlobalSection(ExtensibilityGlobals) = postSolution
		SolutionGuid = {0F062007-2E30-44C5-9B9F-FD20479428AE}
	EndGlobalSection
EndGlobal
